{
    "name": "calculator",
    "version": "0.1.0",
    "lockfileVersion": 2,
    "requires": true,
    "packages": {
        "": {
            "name": "calculator",
            "version": "0.1.0",
            "license": "MIT",
            "dependencies": {
                "react": "x.x.x",
                "react-bond": "x.x.x"
            },
            "devDependencies": {
                "@types/node": "x.x.x",
                "@types/react": "x.x.x",
                "typescript": "4.x.x"
            }
        },
        "node_modules/@types/node": {
            "version": "17.0.39",
            "resolved": "https://registry.npmjs.org/@types/node/-/node-17.0.39.tgz",
            "integrity": "sha512-JDU3YLlnPK3WDao6/DlXLOgSNpG13ct+CwIO17V8q0/9fWJyeMJJ/VyZ1lv8kDprihvZMydzVwf0tQOqGiY2Nw==",
            "dev": true
        },
        "node_modules/@types/prop-types": {
            "version": "15.7.5",
            "resolved": "https://registry.npmjs.org/@types/prop-types/-/prop-types-15.7.5.tgz",
            "integrity": "sha512-JCB8C6SnDoQf0cNycqd/35A7MjcnK+ZTqE7judS6o7utxUCg6imJg3QK2qzHKszlTjcj2cn+NwMB2i96ubpj7w==",
            "dev": true
        },
        "node_modules/@types/react": {
            "version": "18.0.11",
            "resolved": "https://registry.npmjs.org/@types/react/-/react-18.0.11.tgz",
            "integrity": "sha512-JxSwm54IgMW4XTR+zFF5QpNx4JITmFbB4WHR2J0vg9RpjNeyqEMlODXsD2e64br6GX70TL0UYjZJETpyyC1WdA==",
            "dev": true,
            "dependencies": {
                "@types/prop-types": "*",
                "@types/scheduler": "*",
                "csstype": "^3.0.2"
            }
        },
        "node_modules/@types/scheduler": {
            "version": "0.16.2",
            "resolved": "https://registry.npmjs.org/@types/scheduler/-/scheduler-0.16.2.tgz",
            "integrity": "sha512-hppQEBDmlwhFAXKJX2KnWLYu5yMfi91yazPb2l+lbJiwW+wdo1gNeRA+3RgNSO39WYX2euey41KEwnqesU2Jew==",
            "dev": true
        },
        "node_modules/csstype": {
            "version": "3.1.0",
            "resolved": "https://registry.npmjs.org/csstype/-/csstype-3.1.0.tgz",
            "integrity": "sha512-uX1KG+x9h5hIJsaKR9xHUeUraxf8IODOwq9JLNPq6BwB04a/xgpq3rcx47l5BZu5zBPlgD342tdke3Hom/nJRA==",
            "dev": true
        },
        "node_modules/js-tokens": {
            "version": "4.0.0",
            "resolved": "https://registry.npmjs.org/js-tokens/-/js-tokens-4.0.0.tgz",
            "integrity": "sha512-RdJUflcE3cUzKiMqQgsCu06FPu9UdIJO0beYbPhHN4k6apgJtifcoCtT9bcxOpYBtpD2kCM6Sbzg4CausW/PKQ=="
        },
        "node_modules/loose-envify": {
            "version": "1.4.0",
            "resolved": "https://registry.npmjs.org/loose-envify/-/loose-envify-1.4.0.tgz",
            "integrity": "sha512-lyuxPGr/Wfhrlem2CL/UcnUc1zcqKAImBDzukY7Y5F/yQiNdko6+fRLevlw1HgMySw7f611UIY408EtxRSoK3Q==",
            "dependencies": {
                "js-tokens": "^3.0.0 || ^4.0.0"
            },
            "bin": {
                "loose-envify": "cli.js"
            }
        },
        "node_modules/native-webview": {
            "version": "0.4.0",
            "resolved": "https://registry.npmjs.org/native-webview/-/native-webview-0.4.0.tgz",
            "integrity": "sha512-6Y1QeTzRWvsJkIxMbyEj9Hyq9hilFLrQgzRf6v2nxSuBZND6XddXZYxmRWGO/3km+JIiWjH2CJDhu7rftGUr/A=="
        },
        "node_modules/object-assign": {
            "version": "4.1.1",
            "resolved": "https://registry.npmjs.org/object-assign/-/object-assign-4.1.1.tgz",
            "integrity": "sha512-rJgTQnkUnH1sFw8yT6VSU3zD3sWmu6sZhIseY8VX+GRu3P6F7Fu+JNDoXfklElbLJSnc3FUQHVe4cU5hj+BcUg==",
            "engines": {
                "node": ">=0.10.0"
            }
        },
        "node_modules/react": {
            "version": "17.0.2",
            "resolved": "https://registry.npmjs.org/react/-/react-17.0.2.tgz",
            "integrity": "sha512-gnhPt75i/dq/z3/6q/0asP78D0u592D5L1pd7M8P+dck6Fu/jJeL6iVVK23fptSUZj8Vjf++7wXA8UNclGQcbA==",
            "dependencies": {
                "loose-envify": "^1.1.0",
                "object-assign": "^4.1.1"
            },
            "engines": {
                "node": ">=0.10.0"
            }
        },
        "node_modules/react-bond": {
            "version": "0.3.1",
            "resolved": "https://registry.npmjs.org/react-bond/-/react-bond-0.3.1.tgz",
            "integrity": "sha512-TsucynrGZn9TlUz63HicjJIsk2y4BJXeaO2EErwW3ol/Sch+TuhzQdTpGJGSKYBof9Gkn4j8v6cm3a2W4nk6hA==",
            "dependencies": {
                "native-webview": "^0.4.0",
                "react": "^17.0.2",
                "react-reconciler": "^0.26.2"
            },
            "bin": {
                "create-react-bond-app": "lib/scripts/createApp.js",
                "react-bond": "lib/scripts/createApp.js",
                "react-bond-hot": "lib/scripts/hot.js"
            }
        },
        "node_modules/react-reconciler": {
            "version": "0.26.2",
            "resolved": "https://registry.npmjs.org/react-reconciler/-/react-reconciler-0.26.2.tgz",
            "integrity": "sha512-nK6kgY28HwrMNwDnMui3dvm3rCFjZrcGiuwLc5COUipBK5hWHLOxMJhSnSomirqWwjPBJKV1QcbkI0VJr7Gl1Q==",
            "dependencies": {
                "loose-envify": "^1.1.0",
                "object-assign": "^4.1.1",
                "scheduler": "^0.20.2"
            },
            "engines": {
                "node": ">=0.10.0"
            },
            "peerDependencies": {
                "react": "^17.0.2"
            }
        },
        "node_modules/scheduler": {
            "version": "0.20.2",
            "resolved": "https://registry.npmjs.org/scheduler/-/scheduler-0.20.2.tgz",
            "integrity": "sha512-2eWfGgAqqWFGqtdMmcL5zCMK1U8KlXv8SQFGglL3CEtd0aDVDWgeF/YoCmvln55m5zSk3J/20hTaSBeSObsQDQ==",
            "dependencies": {
                "loose-envify": "^1.1.0",
                "object-assign": "^4.1.1"
            }
        },
        "node_modules/typescript": {
            "version": "4.7.3",
            "resolved": "https://registry.npmjs.org/typescript/-/typescript-4.7.3.tgz",
            "integrity": "sha512-WOkT3XYvrpXx4vMMqlD+8R8R37fZkjyLGlxavMc4iB8lrl8L0DeTcHbYgw/v0N/z9wAFsgBhcsF0ruoySS22mA==",
            "dev": true,
            "bin": {
                "tsc": "bin/tsc",
                "tsserver": "bin/tsserver"
            },
            "engines": {
                "node": ">=4.2.0"
            }
        }
    },
    "dependencies": {
        "@types/node": {
            "version": "17.0.39",
            "resolved": "https://registry.npmjs.org/@types/node/-/node-17.0.39.tgz",
            "integrity": "sha512-JDU3YLlnPK3WDao6/DlXLOgSNpG13ct+CwIO17V8q0/9fWJyeMJJ/VyZ1lv8kDprihvZMydzVwf0tQOqGiY2Nw==",
            "dev": true
        },
        "@types/prop-types": {
            "version": "15.7.5",
            "resolved": "https://registry.npmjs.org/@types/prop-types/-/prop-types-15.7.5.tgz",
            "integrity": "sha512-JCB8C6SnDoQf0cNycqd/35A7MjcnK+ZTqE7judS6o7utxUCg6imJg3QK2qzHKszlTjcj2cn+NwMB2i96ubpj7w==",
            "dev": true
        },
        "@types/react": {
            "version": "18.0.11",
            "resolved": "https://registry.npmjs.org/@types/react/-/react-18.0.11.tgz",
            "integrity": "sha512-JxSwm54IgMW4XTR+zFF5QpNx4JITmFbB4WHR2J0vg9RpjNeyqEMlODXsD2e64br6GX70TL0UYjZJETpyyC1WdA==",
            "dev": true,
            "requires": {
                "@types/prop-types": "*",
                "@types/scheduler": "*",
                "csstype": "^3.0.2"
            }
        },
        "@types/scheduler": {
            "version": "0.16.2",
            "resolved": "https://registry.npmjs.org/@types/scheduler/-/scheduler-0.16.2.tgz",
            "integrity": "sha512-hppQEBDmlwhFAXKJX2KnWLYu5yMfi91yazPb2l+lbJiwW+wdo1gNeRA+3RgNSO39WYX2euey41KEwnqesU2Jew==",
            "dev": true
        },
        "csstype": {
            "version": "3.1.0",
            "resolved": "https://registry.npmjs.org/csstype/-/csstype-3.1.0.tgz",
            "integrity": "sha512-uX1KG+x9h5hIJsaKR9xHUeUraxf8IODOwq9JLNPq6BwB04a/xgpq3rcx47l5BZu5zBPlgD342tdke3Hom/nJRA==",
            "dev": true
        },
        "js-tokens": {
            "version": "4.0.0",
            "resolved": "https://registry.npmjs.org/js-tokens/-/js-tokens-4.0.0.tgz",
            "integrity": "sha512-RdJUflcE3cUzKiMqQgsCu06FPu9UdIJO0beYbPhHN4k6apgJtifcoCtT9bcxOpYBtpD2kCM6Sbzg4CausW/PKQ=="
        },
        "loose-envify": {
            "version": "1.4.0",
            "resolved": "https://registry.npmjs.org/loose-envify/-/loose-envify-1.4.0.tgz",
            "integrity": "sha512-lyuxPGr/Wfhrlem2CL/UcnUc1zcqKAImBDzukY7Y5F/yQiNdko6+fRLevlw1HgMySw7f611UIY408EtxRSoK3Q==",
            "requires": {
                "js-tokens": "^3.0.0 || ^4.0.0"
            }
        },
        "native-webview": {
            "version": "0.4.0",
            "resolved": "https://registry.npmjs.org/native-webview/-/native-webview-0.4.0.tgz",
            "integrity": "sha512-6Y1QeTzRWvsJkIxMbyEj9Hyq9hilFLrQgzRf6v2nxSuBZND6XddXZYxmRWGO/3km+JIiWjH2CJDhu7rftGUr/A=="
        },
        "object-assign": {
            "version": "4.1.1",
            "resolved": "https://registry.npmjs.org/object-assign/-/object-assign-4.1.1.tgz",
            "integrity": "sha512-rJgTQnkUnH1sFw8yT6VSU3zD3sWmu6sZhIseY8VX+GRu3P6F7Fu+JNDoXfklElbLJSnc3FUQHVe4cU5hj+BcUg=="
        },
        "react": {
            "version": "17.0.2",
            "resolved": "https://registry.npmjs.org/react/-/react-17.0.2.tgz",
            "integrity": "sha512-gnhPt75i/dq/z3/6q/0asP78D0u592D5L1pd7M8P+dck6Fu/jJeL6iVVK23fptSUZj8Vjf++7wXA8UNclGQcbA==",
            "requires": {
                "loose-envify": "^1.1.0",
                "object-assign": "^4.1.1"
            }
        },
        "react-bond": {
            "version": "0.3.1",
            "resolved": "https://registry.npmjs.org/react-bond/-/react-bond-0.3.1.tgz",
            "integrity": "sha512-TsucynrGZn9TlUz63HicjJIsk2y4BJXeaO2EErwW3ol/Sch+TuhzQdTpGJGSKYBof9Gkn4j8v6cm3a2W4nk6hA==",
            "requires": {
                "native-webview": "^0.4.0",
                "react": "^17.0.2",
                "react-reconciler": "^0.26.2"
            }
        },
        "react-reconciler": {
            "version": "0.26.2",
            "resolved": "https://registry.npmjs.org/react-reconciler/-/react-reconciler-0.26.2.tgz",
            "integrity": "sha512-nK6kgY28HwrMNwDnMui3dvm3rCFjZrcGiuwLc5COUipBK5hWHLOxMJhSnSomirqWwjPBJKV1QcbkI0VJr7Gl1Q==",
            "requires": {
                "loose-envify": "^1.1.0",
                "object-assign": "^4.1.1",
                "scheduler": "^0.20.2"
            }
        },
        "scheduler": {
            "version": "0.20.2",
            "resolved": "https://registry.npmjs.org/scheduler/-/scheduler-0.20.2.tgz",
            "integrity": "sha512-2eWfGgAqqWFGqtdMmcL5zCMK1U8KlXv8SQFGglL3CEtd0aDVDWgeF/YoCmvln55m5zSk3J/20hTaSBeSObsQDQ==",
            "requires": {
                "loose-envify": "^1.1.0",
                "object-assign": "^4.1.1"
            }
        },
        "typescript": {
            "version": "4.7.3",
            "resolved": "https://registry.npmjs.org/typescript/-/typescript-4.7.3.tgz",
            "integrity": "sha512-WOkT3XYvrpXx4vMMqlD+8R8R37fZkjyLGlxavMc4iB8lrl8L0DeTcHbYgw/v0N/z9wAFsgBhcsF0ruoySS22mA==",
            "dev": true
        }
    }
}
